
Microsoft Visual Studio Solution File, Format Version 12.00
Project("{FAE04EC0-301F-11D3-BF4B-00C04F79EFBC}") = "testWebApplication", "testWebApplication\testWebApplication.csproj", "{FB41B5B0-1C0C-4619-8607-BE403110D054}"
EndProject
Global
	GlobalSection(SolutionConfigurationPlatforms) = preSolution
		Debug|Any CPU = Debug|Any CPU
		Release|Any CPU = Release|Any CPU
	EndGlobalSection
	GlobalSection(ProjectConfigurationPlatforms) = postSolution
		{FB41B5B0-1C0C-4619-8607-BE403110D054}.Debug|Any CPU.ActiveCfg = Debug|Any CPU
		{FB41B5B0-1C0C-4619-8607-BE403110D054}.Debug|Any CPU.Build.0 = Debug|Any CPU
		{FB41B5B0-1C0C-4619-8607-BE403110D054}.Release|Any CPU.ActiveCfg = Release|Any CPU
		{FB41B5B0-1C0C-4619-8607-BE403110D054}.Release|Any CPU.Build.0 = Release|Any CPU
	EndGlobalSection
EndGlobal
